{"1.2.0",
[{<<"app_config">>,
  {git,"https://gitlab.com/leapsight/app_config.git",
       {ref,"e6a4dc99c0c9f17a6d4d865e40aefc409986f849"}},
  1},
 {<<"base62">>,
  {git,"https://gitlab.com/leapsight/base62.git",
       {ref,"6e1c622c2e9bba51fadba44fa050d4b4ae706890"}},
  2},
 {<<"bert">>,
  {git,"https://github.com/aramallo/bert.erl.git",
       {ref,"fea74099dad2eef4cb8164f7c55a3ee60d64381d"}},
  0},
 {<<"jsone">>,{pkg,<<"jsone">>,<<"1.6.1">>},0},
 {<<"key_value">>,
  {git,"https://gitlab.com/leapsight/key_value.git",
       {ref,"414fb19cd067b368666ceb5a2a63f1f24109562b"}},
  1},
 {<<"ksuid">>,
  {git,"https://gitlab.com/leapsight/ksuid.git",
       {ref,"a5016017edd1e99d46c9a6d4c348cb818e542b13"}},
  1},
 {<<"msgpack">>,{pkg,<<"msgpack">>,<<"0.7.0">>},0},
 {<<"utils">>,
  {git,"https://gitlab.com/leapsight/utils.git",
       {ref,"c0c6a61994e757e85f8037eb85dbf5fd27243842"}},
  0}]}.
[
{pkg_hash,[
 {<<"jsone">>, <<"7EA1098FE004C4127320FE0E3CF6A951B01F82039FEAA56C322DC7E34DD59762">>},
 {<<"msgpack">>, <<"128AE0A2227C7E7A2847C0F0F73551C268464F8C1EE96BFFB920BC0A5712B295">>}]},
{pkg_hash_ext,[
 {<<"jsone">>, <<"A6C1DF6081DF742068D2ED747A4FE8A7740C56421B53E02BC9D4907DD3502922">>},
 {<<"msgpack">>, <<"4649353DA003E6F438D105E4B1E0F17757F6F5EC8687A6F30875FF3AC4CE2A51">>}]}
].
