{"1.2.0",
[{<<"app_config">>,
  {git,"https://gitlab.com/leapsight/app_config.git",
       {ref,"92885d641904f626e5ede0a403e35e1e041d326d"}},
  1},
 {<<"base62">>,
  {git,"https://gitlab.com/leapsight/base62.git",
       {ref,"6e1c622c2e9bba51fadba44fa050d4b4ae706890"}},
  2},
 {<<"bert">>,
  {git,"https://github.com/aramallo/bert.erl.git",
       {ref,"fea74099dad2eef4cb8164f7c55a3ee60d64381d"}},
  0},
 {<<"eunit_formatters">>,
  {git,"git://github.com/seancribbs/eunit_formatters",
       {ref,"6818dc14fe5d90d2561b1fa8ab8aea523a900128"}},
  1},
 {<<"jsone">>,{pkg,<<"jsone">>,<<"1.6.1">>},0},
 {<<"key_value">>,
  {git,"https://gitlab.com/leapsight/key_value.git",
       {ref,"8fffd1b7ca520cf488251c9d32ffd0959c2ab039"}},
  1},
 {<<"ksuid">>,
  {git,"https://gitlab.com/leapsight/ksuid.git",
       {ref,"c1f00dabddac1e3108bfaf5917cb6674f3b843f2"}},
  1},
 {<<"msgpack">>,{pkg,<<"msgpack">>,<<"0.7.0">>},0},
 {<<"utils">>,
  {git,"https://gitlab.com/leapsight/utils.git",
       {ref,"bb745987456b630f740267c270d19ea92fb68f44"}},
  0}]}.
[
{pkg_hash,[
 {<<"jsone">>, <<"7EA1098FE004C4127320FE0E3CF6A951B01F82039FEAA56C322DC7E34DD59762">>},
 {<<"msgpack">>, <<"128AE0A2227C7E7A2847C0F0F73551C268464F8C1EE96BFFB920BC0A5712B295">>}]},
{pkg_hash_ext,[
 {<<"jsone">>, <<"A6C1DF6081DF742068D2ED747A4FE8A7740C56421B53E02BC9D4907DD3502922">>},
 {<<"msgpack">>, <<"4649353DA003E6F438D105E4B1E0F17757F6F5EC8687A6F30875FF3AC4CE2A51">>}]}
].
